
Microsoft Visual Studio Solution File, Format Version 11.00
# Visual Studio 2010
Project("{FAE04EC0-301F-11D3-BF4B-00C04F79EFBC}") = "P2Potato", "p2p\P2Potato.csproj", "{B58F6A49-1EA6-4176-8297-831167333E9C}"
EndProject
Project("{2150E333-8FDC-42A3-9474-1A3956D46DE8}") = "Solution Items", "Solution Items", "{79A6B29B-BAE4-421F-A430-B3188FDDB10A}"
	ProjectSection(SolutionItems) = preProject
		Local.testsettings = Local.testsettings
		P2Potato.vsmdi = P2Potato.vsmdi
		TraceAndTestImpact.testsettings = TraceAndTestImpact.testsettings
	EndProjectSection
EndProject
Project("{FAE04EC0-301F-11D3-BF4B-00C04F79EFBC}") = "P2PotatoGUI", "P2PotatoGUI\P2PotatoGUI.csproj", "{4BB56EF9-E620-496B-A2B1-222A19A3F78F}"
EndProject
Global
	GlobalSection(TestCaseManagementSettings) = postSolution
		CategoryFile = P2Potato.vsmdi
	EndGlobalSection
	GlobalSection(SolutionConfigurationPlatforms) = preSolution
		Debug|Any CPU = Debug|Any CPU
		Debug|Mixed Platforms = Debug|Mixed Platforms
		Debug|x86 = Debug|x86
		Release|Any CPU = Release|Any CPU
		Release|Mixed Platforms = Release|Mixed Platforms
		Release|x86 = Release|x86
	EndGlobalSection
	GlobalSection(ProjectConfigurationPlatforms) = postSolution
		{B58F6A49-1EA6-4176-8297-831167333E9C}.Debug|Any CPU.ActiveCfg = Debug|x86
		{B58F6A49-1EA6-4176-8297-831167333E9C}.Debug|Mixed Platforms.ActiveCfg = Debug|x86
		{B58F6A49-1EA6-4176-8297-831167333E9C}.Debug|Mixed Platforms.Build.0 = Debug|x86
		{B58F6A49-1EA6-4176-8297-831167333E9C}.Debug|x86.ActiveCfg = Debug|x86
		{B58F6A49-1EA6-4176-8297-831167333E9C}.Debug|x86.Build.0 = Debug|x86
		{B58F6A49-1EA6-4176-8297-831167333E9C}.Release|Any CPU.ActiveCfg = Release|x86
		{B58F6A49-1EA6-4176-8297-831167333E9C}.Release|Mixed Platforms.ActiveCfg = Release|x86
		{B58F6A49-1EA6-4176-8297-831167333E9C}.Release|Mixed Platforms.Build.0 = Release|x86
		{B58F6A49-1EA6-4176-8297-831167333E9C}.Release|x86.ActiveCfg = Release|x86
		{B58F6A49-1EA6-4176-8297-831167333E9C}.Release|x86.Build.0 = Release|x86
		{4BB56EF9-E620-496B-A2B1-222A19A3F78F}.Debug|Any CPU.ActiveCfg = Debug|x86
		{4BB56EF9-E620-496B-A2B1-222A19A3F78F}.Debug|Mixed Platforms.ActiveCfg = Debug|x86
		{4BB56EF9-E620-496B-A2B1-222A19A3F78F}.Debug|Mixed Platforms.Build.0 = Debug|x86
		{4BB56EF9-E620-496B-A2B1-222A19A3F78F}.Debug|x86.ActiveCfg = Debug|x86
		{4BB56EF9-E620-496B-A2B1-222A19A3F78F}.Debug|x86.Build.0 = Debug|x86
		{4BB56EF9-E620-496B-A2B1-222A19A3F78F}.Release|Any CPU.ActiveCfg = Release|x86
		{4BB56EF9-E620-496B-A2B1-222A19A3F78F}.Release|Mixed Platforms.ActiveCfg = Release|x86
		{4BB56EF9-E620-496B-A2B1-222A19A3F78F}.Release|Mixed Platforms.Build.0 = Release|x86
		{4BB56EF9-E620-496B-A2B1-222A19A3F78F}.Release|x86.ActiveCfg = Release|x86
		{4BB56EF9-E620-496B-A2B1-222A19A3F78F}.Release|x86.Build.0 = Release|x86
	EndGlobalSection
	GlobalSection(SolutionProperties) = preSolution
		HideSolutionNode = FALSE
	EndGlobalSection
EndGlobal
